
Microsoft Visual Studio Solution File, Format Version 12.00
# Visual Studio Version 16
VisualStudioVersion = 16.0.29505.145
MinimumVisualStudioVersion = 15.0.26124.0
Project("{9A19103F-16F7-4668-BE54-9A1E7A4F7556}") = "IdentityServer", "IdentityServer\IdentityServer.csproj", "{74E8231C-A8FD-4539-9C4D-148CBB763008}"
EndProject
Project("{9A19103F-16F7-4668-BE54-9A1E7A4F7556}") = "MVCClient", "MVCClient\MVCClient.csproj", "{297C5358-C7DC-4F14-9845-001843EE2DA9}"
EndProject
Project("{2150E333-8FDC-42A3-9474-1A3956D46DE8}") = "middleware", "middleware", "{B07BDC3F-9598-4AAF-B01C-8E7375B68222}"
EndProject
Project("{9A19103F-16F7-4668-BE54-9A1E7A4F7556}") = "oauth2.dingtalk.aspnetcore", "middleware\oauth2.dingtalk.aspnetcore\oauth2.dingtalk.aspnetcore.csproj", "{71DC90C9-6FB8-4B91-A1A5-33D3A375E606}"
EndProject
Project("{FAE04EC0-301F-11D3-BF4B-00C04F79EFBC}") = "WebAPI", "WebAPI\WebAPI.csproj", "{1B1C489F-B38D-464C-8A97-381A11388477}"
EndProject
Global
	GlobalSection(SolutionConfigurationPlatforms) = preSolution
		Debug|Any CPU = Debug|Any CPU
		Debug|x64 = Debug|x64
		Debug|x86 = Debug|x86
		Release|Any CPU = Release|Any CPU
		Release|x64 = Release|x64
		Release|x86 = Release|x86
	EndGlobalSection
	GlobalSection(ProjectConfigurationPlatforms) = postSolution
		{74E8231C-A8FD-4539-9C4D-148CBB763008}.Debug|Any CPU.ActiveCfg = Debug|Any CPU
		{74E8231C-A8FD-4539-9C4D-148CBB763008}.Debug|Any CPU.Build.0 = Debug|Any CPU
		{74E8231C-A8FD-4539-9C4D-148CBB763008}.Debug|x64.ActiveCfg = Debug|Any CPU
		{74E8231C-A8FD-4539-9C4D-148CBB763008}.Debug|x64.Build.0 = Debug|Any CPU
		{74E8231C-A8FD-4539-9C4D-148CBB763008}.Debug|x86.ActiveCfg = Debug|Any CPU
		{74E8231C-A8FD-4539-9C4D-148CBB763008}.Debug|x86.Build.0 = Debug|Any CPU
		{74E8231C-A8FD-4539-9C4D-148CBB763008}.Release|Any CPU.ActiveCfg = Release|Any CPU
		{74E8231C-A8FD-4539-9C4D-148CBB763008}.Release|Any CPU.Build.0 = Release|Any CPU
		{74E8231C-A8FD-4539-9C4D-148CBB763008}.Release|x64.ActiveCfg = Release|Any CPU
		{74E8231C-A8FD-4539-9C4D-148CBB763008}.Release|x64.Build.0 = Release|Any CPU
		{74E8231C-A8FD-4539-9C4D-148CBB763008}.Release|x86.ActiveCfg = Release|Any CPU
		{74E8231C-A8FD-4539-9C4D-148CBB763008}.Release|x86.Build.0 = Release|Any CPU
		{297C5358-C7DC-4F14-9845-001843EE2DA9}.Debug|Any CPU.ActiveCfg = Debug|Any CPU
		{297C5358-C7DC-4F14-9845-001843EE2DA9}.Debug|Any CPU.Build.0 = Debug|Any CPU
		{297C5358-C7DC-4F14-9845-001843EE2DA9}.Debug|x64.ActiveCfg = Debug|Any CPU
		{297C5358-C7DC-4F14-9845-001843EE2DA9}.Debug|x64.Build.0 = Debug|Any CPU
		{297C5358-C7DC-4F14-9845-001843EE2DA9}.Debug|x86.ActiveCfg = Debug|Any CPU
		{297C5358-C7DC-4F14-9845-001843EE2DA9}.Debug|x86.Build.0 = Debug|Any CPU
		{297C5358-C7DC-4F14-9845-001843EE2DA9}.Release|Any CPU.ActiveCfg = Release|Any CPU
		{297C5358-C7DC-4F14-9845-001843EE2DA9}.Release|Any CPU.Build.0 = Release|Any CPU
		{297C5358-C7DC-4F14-9845-001843EE2DA9}.Release|x64.ActiveCfg = Release|Any CPU
		{297C5358-C7DC-4F14-9845-001843EE2DA9}.Release|x64.Build.0 = Release|Any CPU
		{297C5358-C7DC-4F14-9845-001843EE2DA9}.Release|x86.ActiveCfg = Release|Any CPU
		{297C5358-C7DC-4F14-9845-001843EE2DA9}.Release|x86.Build.0 = Release|Any CPU
		{71DC90C9-6FB8-4B91-A1A5-33D3A375E606}.Debug|Any CPU.ActiveCfg = Debug|Any CPU
		{71DC90C9-6FB8-4B91-A1A5-33D3A375E606}.Debug|Any CPU.Build.0 = Debug|Any CPU
		{71DC90C9-6FB8-4B91-A1A5-33D3A375E606}.Debug|x64.ActiveCfg = Debug|Any CPU
		{71DC90C9-6FB8-4B91-A1A5-33D3A375E606}.Debug|x64.Build.0 = Debug|Any CPU
		{71DC90C9-6FB8-4B91-A1A5-33D3A375E606}.Debug|x86.ActiveCfg = Debug|Any CPU
		{71DC90C9-6FB8-4B91-A1A5-33D3A375E606}.Debug|x86.Build.0 = Debug|Any CPU
		{71DC90C9-6FB8-4B91-A1A5-33D3A375E606}.Release|Any CPU.ActiveCfg = Release|Any CPU
		{71DC90C9-6FB8-4B91-A1A5-33D3A375E606}.Release|Any CPU.Build.0 = Release|Any CPU
		{71DC90C9-6FB8-4B91-A1A5-33D3A375E606}.Release|x64.ActiveCfg = Release|Any CPU
		{71DC90C9-6FB8-4B91-A1A5-33D3A375E606}.Release|x64.Build.0 = Release|Any CPU
		{71DC90C9-6FB8-4B91-A1A5-33D3A375E606}.Release|x86.ActiveCfg = Release|Any CPU
		{71DC90C9-6FB8-4B91-A1A5-33D3A375E606}.Release|x86.Build.0 = Release|Any CPU
		{1B1C489F-B38D-464C-8A97-381A11388477}.Debug|Any CPU.ActiveCfg = Debug|Any CPU
		{1B1C489F-B38D-464C-8A97-381A11388477}.Debug|Any CPU.Build.0 = Debug|Any CPU
		{1B1C489F-B38D-464C-8A97-381A11388477}.Debug|x64.ActiveCfg = Debug|Any CPU
		{1B1C489F-B38D-464C-8A97-381A11388477}.Debug|x64.Build.0 = Debug|Any CPU
		{1B1C489F-B38D-464C-8A97-381A11388477}.Debug|x86.ActiveCfg = Debug|Any CPU
		{1B1C489F-B38D-464C-8A97-381A11388477}.Debug|x86.Build.0 = Debug|Any CPU
		{1B1C489F-B38D-464C-8A97-381A11388477}.Release|Any CPU.ActiveCfg = Release|Any CPU
		{1B1C489F-B38D-464C-8A97-381A11388477}.Release|Any CPU.Build.0 = Release|Any CPU
		{1B1C489F-B38D-464C-8A97-381A11388477}.Release|x64.ActiveCfg = Release|Any CPU
		{1B1C489F-B38D-464C-8A97-381A11388477}.Release|x64.Build.0 = Release|Any CPU
		{1B1C489F-B38D-464C-8A97-381A11388477}.Release|x86.ActiveCfg = Release|Any CPU
		{1B1C489F-B38D-464C-8A97-381A11388477}.Release|x86.Build.0 = Release|Any CPU
	EndGlobalSection
	GlobalSection(SolutionProperties) = preSolution
		HideSolutionNode = FALSE
	EndGlobalSection
	GlobalSection(NestedProjects) = preSolution
		{71DC90C9-6FB8-4B91-A1A5-33D3A375E606} = {B07BDC3F-9598-4AAF-B01C-8E7375B68222}
	EndGlobalSection
	GlobalSection(ExtensibilityGlobals) = postSolution
		SolutionGuid = {E3987218-1B11-4204-BF86-1DC7961BD963}
	EndGlobalSection
EndGlobal
